
Microsoft Visual Studio Solution File, Format Version 12.00
# Visual Studio 2012
Project("{FAE04EC0-301F-11D3-BF4B-00C04F79EFBC}") = "01-04. Point3D", "Point3D\01-04. Point3D.csproj", "{916845AA-13D6-43E5-91B5-AEA9227EE405}"
EndProject
Project("{FAE04EC0-301F-11D3-BF4B-00C04F79EFBC}") = "05-07.GenericListClass", "GenericListClass\05-07.GenericListClass.csproj", "{557B7D67-8C28-48F3-8244-03E5F7E0A692}"
EndProject
Project("{FAE04EC0-301F-11D3-BF4B-00C04F79EFBC}") = "08-10.MatrixClass", "MatrixClass\08-10.MatrixClass.csproj", "{77037482-4A87-427F-8072-6002A79AD3FD}"
EndProject
Project("{FAE04EC0-301F-11D3-BF4B-00C04F79EFBC}") = "11.AttributeVersion", "AttributeVersion\11.AttributeVersion.csproj", "{D4997F36-69E7-4B74-9FFA-46CC19E259C2}"
EndProject
Global
	GlobalSection(SolutionConfigurationPlatforms) = preSolution
		Debug|Any CPU = Debug|Any CPU
		Release|Any CPU = Release|Any CPU
	EndGlobalSection
	GlobalSection(ProjectConfigurationPlatforms) = postSolution
		{916845AA-13D6-43E5-91B5-AEA9227EE405}.Debug|Any CPU.ActiveCfg = Debug|Any CPU
		{916845AA-13D6-43E5-91B5-AEA9227EE405}.Debug|Any CPU.Build.0 = Debug|Any CPU
		{916845AA-13D6-43E5-91B5-AEA9227EE405}.Release|Any CPU.ActiveCfg = Release|Any CPU
		{916845AA-13D6-43E5-91B5-AEA9227EE405}.Release|Any CPU.Build.0 = Release|Any CPU
		{557B7D67-8C28-48F3-8244-03E5F7E0A692}.Debug|Any CPU.ActiveCfg = Debug|Any CPU
		{557B7D67-8C28-48F3-8244-03E5F7E0A692}.Debug|Any CPU.Build.0 = Debug|Any CPU
		{557B7D67-8C28-48F3-8244-03E5F7E0A692}.Release|Any CPU.ActiveCfg = Release|Any CPU
		{557B7D67-8C28-48F3-8244-03E5F7E0A692}.Release|Any CPU.Build.0 = Release|Any CPU
		{77037482-4A87-427F-8072-6002A79AD3FD}.Debug|Any CPU.ActiveCfg = Debug|Any CPU
		{77037482-4A87-427F-8072-6002A79AD3FD}.Debug|Any CPU.Build.0 = Debug|Any CPU
		{77037482-4A87-427F-8072-6002A79AD3FD}.Release|Any CPU.ActiveCfg = Release|Any CPU
		{77037482-4A87-427F-8072-6002A79AD3FD}.Release|Any CPU.Build.0 = Release|Any CPU
		{D4997F36-69E7-4B74-9FFA-46CC19E259C2}.Debug|Any CPU.ActiveCfg = Debug|Any CPU
		{D4997F36-69E7-4B74-9FFA-46CC19E259C2}.Debug|Any CPU.Build.0 = Debug|Any CPU
		{D4997F36-69E7-4B74-9FFA-46CC19E259C2}.Release|Any CPU.ActiveCfg = Release|Any CPU
		{D4997F36-69E7-4B74-9FFA-46CC19E259C2}.Release|Any CPU.Build.0 = Release|Any CPU
	EndGlobalSection
	GlobalSection(SolutionProperties) = preSolution
		HideSolutionNode = FALSE
	EndGlobalSection
EndGlobal
